
Microsoft Visual Studio Solution File, Format Version 12.00
# Visual Studio Version 17
VisualStudioVersion = 17.14.36915.13 d17.14
MinimumVisualStudioVersion = 10.0.40219.1
Project("{FAE04EC0-301F-11D3-BF4B-00C04F79EFBC}") = "Ejemplo1.2API", "Ejemplo1.2API\Ejemplo1.2API.csproj", "{F3930ACB-80B6-4548-9568-B7ADB1D6204C}"
EndProject
Project("{FAE04EC0-301F-11D3-BF4B-00C04F79EFBC}") = "ejemplo.Domain", "ejemplo.Domain\ejemplo.Domain.csproj", "{D53FEB35-243C-4F96-B0DA-2DF2AF4A12D6}"
EndProject
Project("{FAE04EC0-301F-11D3-BF4B-00C04F79EFBC}") = "Ejemplo.Persistence", "Ejemplo.Persistence\Ejemplo.Persistence.csproj", "{592FCAAE-E112-47B7-BB9C-DF6A43574E6F}"
EndProject
Global
	GlobalSection(SolutionConfigurationPlatforms) = preSolution
		Debug|Any CPU = Debug|Any CPU
		Release|Any CPU = Release|Any CPU
	EndGlobalSection
	GlobalSection(ProjectConfigurationPlatforms) = postSolution
		{F3930ACB-80B6-4548-9568-B7ADB1D6204C}.Debug|Any CPU.ActiveCfg = Debug|Any CPU
		{F3930ACB-80B6-4548-9568-B7ADB1D6204C}.Debug|Any CPU.Build.0 = Debug|Any CPU
		{F3930ACB-80B6-4548-9568-B7ADB1D6204C}.Release|Any CPU.ActiveCfg = Release|Any CPU
		{F3930ACB-80B6-4548-9568-B7ADB1D6204C}.Release|Any CPU.Build.0 = Release|Any CPU
		{D53FEB35-243C-4F96-B0DA-2DF2AF4A12D6}.Debug|Any CPU.ActiveCfg = Debug|Any CPU
		{D53FEB35-243C-4F96-B0DA-2DF2AF4A12D6}.Debug|Any CPU.Build.0 = Debug|Any CPU
		{D53FEB35-243C-4F96-B0DA-2DF2AF4A12D6}.Release|Any CPU.ActiveCfg = Release|Any CPU
		{D53FEB35-243C-4F96-B0DA-2DF2AF4A12D6}.Release|Any CPU.Build.0 = Release|Any CPU
		{592FCAAE-E112-47B7-BB9C-DF6A43574E6F}.Debug|Any CPU.ActiveCfg = Debug|Any CPU
		{592FCAAE-E112-47B7-BB9C-DF6A43574E6F}.Debug|Any CPU.Build.0 = Debug|Any CPU
		{592FCAAE-E112-47B7-BB9C-DF6A43574E6F}.Release|Any CPU.ActiveCfg = Release|Any CPU
		{592FCAAE-E112-47B7-BB9C-DF6A43574E6F}.Release|Any CPU.Build.0 = Release|Any CPU
	EndGlobalSection
	GlobalSection(SolutionProperties) = preSolution
		HideSolutionNode = FALSE
	EndGlobalSection
	GlobalSection(ExtensibilityGlobals) = postSolution
		SolutionGuid = {2677D926-6C6B-4CF6-A9DC-EF3E5692062A}
	EndGlobalSection
EndGlobal
